
Microsoft Visual Studio Solution File, Format Version 12.00
# Visual Studio Version 16
VisualStudioVersion = 16.0.32228.343
MinimumVisualStudioVersion = 10.0.40219.1
Project("{FAE04EC0-301F-11D3-BF4B-00C04F79EFBC}") = "inventory-fashion-city", "inventory-fashion-city\inventory-fashion-city.csproj", "{2B1A2D3C-4C1F-48EE-8264-87CB1B88853D}"
EndProject
Global
	GlobalSection(SolutionConfigurationPlatforms) = preSolution
		Debug|Any CPU = Debug|Any CPU
		Release|Any CPU = Release|Any CPU
	EndGlobalSection
	GlobalSection(ProjectConfigurationPlatforms) = postSolution
		{2B1A2D3C-4C1F-48EE-8264-87CB1B88853D}.Debug|Any CPU.ActiveCfg = Debug|Any CPU
		{2B1A2D3C-4C1F-48EE-8264-87CB1B88853D}.Debug|Any CPU.Build.0 = Debug|Any CPU
		{2B1A2D3C-4C1F-48EE-8264-87CB1B88853D}.Release|Any CPU.ActiveCfg = Release|Any CPU
		{2B1A2D3C-4C1F-48EE-8264-87CB1B88853D}.Release|Any CPU.Build.0 = Release|Any CPU
	EndGlobalSection
	GlobalSection(SolutionProperties) = preSolution
		HideSolutionNode = FALSE
	EndGlobalSection
	GlobalSection(ExtensibilityGlobals) = postSolution
		SolutionGuid = {52D5C028-2F64-4EB8-BF93-DB5CFD4A867C}
	EndGlobalSection
EndGlobal
